{
  "name": "quotejs",
  "version": "1.0.0",
  "lockfileVersion": 1,
  "requires": true,
  "dependencies": {
    "random-quotes": {
      "version": "1.3.0",
      "resolved": "https://registry.npmjs.org/random-quotes/-/random-quotes-1.3.0.tgz",
      "integrity": "sha512-xp/42YIuyfHCCROqFamCDy7UKDfWiE7oLEWsDbjWYsx/iz4tOsnWP3qedxBElZLJMhm5Hec8zdS954v38W5fSQ==",
      "requires": {
        "unique-random-array": "1.0.0"
      }
    },
    "unique-random": {
      "version": "1.0.0",
      "resolved": "https://registry.npmjs.org/unique-random/-/unique-random-1.0.0.tgz",
      "integrity": "sha1-zj4iTIJCzTOg53sNcYDXfmti0MQ="
    },
    "unique-random-array": {
      "version": "1.0.0",
      "resolved": "https://registry.npmjs.org/unique-random-array/-/unique-random-array-1.0.0.tgz",
      "integrity": "sha1-QrNyHFeTiNi2Z8k8Lb3j1dgakTY=",
      "requires": {
        "unique-random": "^1.0.0"
      }
    }
  }
}
